
Microsoft Visual Studio Solution File, Format Version 12.00
# Visual Studio Version 16
VisualStudioVersion = 16.0.31205.134
MinimumVisualStudioVersion = 10.0.40219.1
Project("{FAE04EC0-301F-11D3-BF4B-00C04F79EFBC}") = "Ex1", "Ex1\Ex1.csproj", "{DF05E90B-D801-4EC8-9A22-0C095A625A2E}"
EndProject
Project("{FAE04EC0-301F-11D3-BF4B-00C04F79EFBC}") = "Ex2", "Ex2\Ex2.csproj", "{311BB352-A13A-4E71-B3F6-8550B962C944}"
EndProject
Global
	GlobalSection(SolutionConfigurationPlatforms) = preSolution
		Debug|Any CPU = Debug|Any CPU
		Release|Any CPU = Release|Any CPU
	EndGlobalSection
	GlobalSection(ProjectConfigurationPlatforms) = postSolution
		{DF05E90B-D801-4EC8-9A22-0C095A625A2E}.Debug|Any CPU.ActiveCfg = Debug|Any CPU
		{DF05E90B-D801-4EC8-9A22-0C095A625A2E}.Debug|Any CPU.Build.0 = Debug|Any CPU
		{DF05E90B-D801-4EC8-9A22-0C095A625A2E}.Release|Any CPU.ActiveCfg = Release|Any CPU
		{DF05E90B-D801-4EC8-9A22-0C095A625A2E}.Release|Any CPU.Build.0 = Release|Any CPU
		{311BB352-A13A-4E71-B3F6-8550B962C944}.Debug|Any CPU.ActiveCfg = Debug|Any CPU
		{311BB352-A13A-4E71-B3F6-8550B962C944}.Debug|Any CPU.Build.0 = Debug|Any CPU
		{311BB352-A13A-4E71-B3F6-8550B962C944}.Release|Any CPU.ActiveCfg = Release|Any CPU
		{311BB352-A13A-4E71-B3F6-8550B962C944}.Release|Any CPU.Build.0 = Release|Any CPU
	EndGlobalSection
	GlobalSection(SolutionProperties) = preSolution
		HideSolutionNode = FALSE
	EndGlobalSection
	GlobalSection(ExtensibilityGlobals) = postSolution
		SolutionGuid = {D6E95A06-B565-4486-A859-EBD7AF3713E2}
	EndGlobalSection
EndGlobal
